// !$*UTF8*$!
{
	archiveVersion = 1;
	classes = {
	};
	objectVersion = 46;
	objects = {

/* Begin PBXBuildFile section */
		5F0942AB19ECCEEE00966CCE /* SettingViewController.m in Sources */ = {isa = PBXBuildFile; fileRef = 5F0942A919ECCEEE00966CCE /* SettingViewController.m */; };
		5F0942AC19ECCEEE00966CCE /* SettingViewController.xib in Resources */ = {isa = PBXBuildFile; fileRef = 5F0942AA19ECCEEE00966CCE /* SettingViewController.xib */; };
		5F0942B019ECD3E800966CCE /* DemoViewController.m in Sources */ = {isa = PBXBuildFile; fileRef = 5F0942AE19ECD3E800966CCE /* DemoViewController.m */; };
		5F0942B119ECD3E800966CCE /* DemoViewController.xib in Resources */ = {isa = PBXBuildFile; fileRef = 5F0942AF19ECD3E800966CCE /* DemoViewController.xib */; };
		5F521FE719E91BD000FA9968 /* Foundation.framework in Frameworks */ = {isa = PBXBuildFile; fileRef = 5F521FE619E91BD000FA9968 /* Foundation.framework */; };
		5F521FE919E91BD000FA9968 /* CoreGraphics.framework in Frameworks */ = {isa = PBXBuildFile; fileRef = 5F521FE819E91BD000FA9968 /* CoreGraphics.framework */; };
		5F521FEB19E91BD000FA9968 /* UIKit.framework in Frameworks */ = {isa = PBXBuildFile; fileRef = 5F521FEA19E91BD000FA9968 /* UIKit.framework */; };
		5F521FF119E91BD000FA9968 /* InfoPlist.strings in Resources */ = {isa = PBXBuildFile; fileRef = 5F521FEF19E91BD000FA9968 /* InfoPlist.strings */; };
		5F521FF319E91BD000FA9968 /* main.m in Sources */ = {isa = PBXBuildFile; fileRef = 5F521FF219E91BD000FA9968 /* main.m */; };
		5F521FF719E91BD000FA9968 /* AppDelegate.m in Sources */ = {isa = PBXBuildFile; fileRef = 5F521FF619E91BD000FA9968 /* AppDelegate.m */; };
		5F521FF919E91BD000FA9968 /* Images.xcassets in Resources */ = {isa = PBXBuildFile; fileRef = 5F521FF819E91BD000FA9968 /* Images.xcassets */; };
		5F52200019E91BD000FA9968 /* XCTest.framework in Frameworks */ = {isa = PBXBuildFile; fileRef = 5F521FFF19E91BD000FA9968 /* XCTest.framework */; };
		5F52200119E91BD000FA9968 /* Foundation.framework in Frameworks */ = {isa = PBXBuildFile; fileRef = 5F521FE619E91BD000FA9968 /* Foundation.framework */; };
		5F52200219E91BD000FA9968 /* UIKit.framework in Frameworks */ = {isa = PBXBuildFile; fileRef = 5F521FEA19E91BD000FA9968 /* UIKit.framework */; };
		5F52200A19E91BD000FA9968 /* InfoPlist.strings in Resources */ = {isa = PBXBuildFile; fileRef = 5F52200819E91BD000FA9968 /* InfoPlist.strings */; };
		5F52200C19E91BD000FA9968 /* YRVCTransitionDemoTests.m in Sources */ = {isa = PBXBuildFile; fileRef = 5F52200B19E91BD000FA9968 /* YRVCTransitionDemoTests.m */; };
		5F52202319E91C6B00FA9968 /* UINavigationController+YRVCTransition.m in Sources */ = {isa = PBXBuildFile; fileRef = 5F52201719E91C6B00FA9968 /* UINavigationController+YRVCTransition.m */; };
		5F52202419E91C6B00FA9968 /* UIViewController+YRVCTransition.m in Sources */ = {isa = PBXBuildFile; fileRef = 5F52201919E91C6B00FA9968 /* UIViewController+YRVCTransition.m */; };
		5F52202519E91C6B00FA9968 /* YRPercentDrivenInteractiveTransition.m in Sources */ = {isa = PBXBuildFile; fileRef = 5F52201B19E91C6B00FA9968 /* YRPercentDrivenInteractiveTransition.m */; };
		5F52202619E91C6B00FA9968 /* YRVCTransition.m in Sources */ = {isa = PBXBuildFile; fileRef = 5F52201E19E91C6B00FA9968 /* YRVCTransition.m */; };
		5F52202719E91C6B00FA9968 /* YRVCTransitionCube.m in Sources */ = {isa = PBXBuildFile; fileRef = 5F52202019E91C6B00FA9968 /* YRVCTransitionCube.m */; };
		5F52202819E91C6B00FA9968 /* YRVCTransitionMoveIn.m in Sources */ = {isa = PBXBuildFile; fileRef = 5F52202219E91C6B00FA9968 /* YRVCTransitionMoveIn.m */; };
		5F52202B19E91C9900FA9968 /* ViewController.m in Sources */ = {isa = PBXBuildFile; fileRef = 5F52202A19E91C9900FA9968 /* ViewController.m */; };
/* End PBXBuildFile section */

/* Begin PBXContainerItemProxy section */
		5F52200319E91BD000FA9968 /* PBXContainerItemProxy */ = {
			isa = PBXContainerItemProxy;
			containerPortal = 5F521FDB19E91BD000FA9968 /* Project object */;
			proxyType = 1;
			remoteGlobalIDString = 5F521FE219E91BD000FA9968;
			remoteInfo = YRVCTransitionDemo;
		};
/* End PBXContainerItemProxy section */

/* Begin PBXFileReference section */
		5F0942A819ECCEEE00966CCE /* SettingViewController.h */ = {isa = PBXFileReference; fileEncoding = 4; lastKnownFileType = sourcecode.c.h; path = SettingViewController.h; sourceTree = "<group>"; };
		5F0942A919ECCEEE00966CCE /* SettingViewController.m */ = {isa = PBXFileReference; fileEncoding = 4; lastKnownFileType = sourcecode.c.objc; path = SettingViewController.m; sourceTree = "<group>"; };
		5F0942AA19ECCEEE00966CCE /* SettingViewController.xib */ = {isa = PBXFileReference; fileEncoding = 4; lastKnownFileType = file.xib; path = SettingViewController.xib; sourceTree = "<group>"; };
		5F0942AD19ECD3E800966CCE /* DemoViewController.h */ = {isa = PBXFileReference; fileEncoding = 4; lastKnownFileType = sourcecode.c.h; path = DemoViewController.h; sourceTree = "<group>"; };
		5F0942AE19ECD3E800966CCE /* DemoViewController.m */ = {isa = PBXFileReference; fileEncoding = 4; lastKnownFileType = sourcecode.c.objc; path = DemoViewController.m; sourceTree = "<group>"; };
		5F0942AF19ECD3E800966CCE /* DemoViewController.xib */ = {isa = PBXFileReference; fileEncoding = 4; lastKnownFileType = file.xib; path = DemoViewController.xib; sourceTree = "<group>"; };
		5F521FE319E91BD000FA9968 /* YRVCTransitionDemo.app */ = {isa = PBXFileReference; explicitFileType = wrapper.application; includeInIndex = 0; path = YRVCTransitionDemo.app; sourceTree = BUILT_PRODUCTS_DIR; };
		5F521FE619E91BD000FA9968 /* Foundation.framework */ = {isa = PBXFileReference; lastKnownFileType = wrapper.framework; name = Foundation.framework; path = System/Library/Frameworks/Foundation.framework; sourceTree = SDKROOT; };
		5F521FE819E91BD000FA9968 /* CoreGraphics.framework */ = {isa = PBXFileReference; lastKnownFileType = wrapper.framework; name = CoreGraphics.framework; path = System/Library/Frameworks/CoreGraphics.framework; sourceTree = SDKROOT; };
		5F521FEA19E91BD000FA9968 /* UIKit.framework */ = {isa = PBXFileReference; lastKnownFileType = wrapper.framework; name = UIKit.framework; path = System/Library/Frameworks/UIKit.framework; sourceTree = SDKROOT; };
		5F521FEE19E91BD000FA9968 /* YRVCTransitionDemo-Info.plist */ = {isa = PBXFileReference; lastKnownFileType = text.plist.xml; path = "YRVCTransitionDemo-Info.plist"; sourceTree = "<group>"; };
		5F521FF019E91BD000FA9968 /* en */ = {isa = PBXFileReference; lastKnownFileType = text.plist.strings; name = en; path = en.lproj/InfoPlist.strings; sourceTree = "<group>"; };
		5F521FF219E91BD000FA9968 /* main.m */ = {isa = PBXFileReference; lastKnownFileType = sourcecode.c.objc; path = main.m; sourceTree = "<group>"; };
		5F521FF419E91BD000FA9968 /* YRVCTransitionDemo-Prefix.pch */ = {isa = PBXFileReference; lastKnownFileType = sourcecode.c.h; path = "YRVCTransitionDemo-Prefix.pch"; sourceTree = "<group>"; };
		5F521FF519E91BD000FA9968 /* AppDelegate.h */ = {isa = PBXFileReference; lastKnownFileType = sourcecode.c.h; path = AppDelegate.h; sourceTree = "<group>"; };
		5F521FF619E91BD000FA9968 /* AppDelegate.m */ = {isa = PBXFileReference; lastKnownFileType = sourcecode.c.objc; path = AppDelegate.m; sourceTree = "<group>"; };
		5F521FF819E91BD000FA9968 /* Images.xcassets */ = {isa = PBXFileReference; lastKnownFileType = folder.assetcatalog; path = Images.xcassets; sourceTree = "<group>"; };
		5F521FFE19E91BD000FA9968 /* YRVCTransitionDemoTests.xctest */ = {isa = PBXFileReference; explicitFileType = wrapper.cfbundle; includeInIndex = 0; path = YRVCTransitionDemoTests.xctest; sourceTree = BUILT_PRODUCTS_DIR; };
		5F521FFF19E91BD000FA9968 /* XCTest.framework */ = {isa = PBXFileReference; lastKnownFileType = wrapper.framework; name = XCTest.framework; path = Library/Frameworks/XCTest.framework; sourceTree = DEVELOPER_DIR; };
		5F52200719E91BD000FA9968 /* YRVCTransitionDemoTests-Info.plist */ = {isa = PBXFileReference; lastKnownFileType = text.plist.xml; path = "YRVCTransitionDemoTests-Info.plist"; sourceTree = "<group>"; };
		5F52200919E91BD000FA9968 /* en */ = {isa = PBXFileReference; lastKnownFileType = text.plist.strings; name = en; path = en.lproj/InfoPlist.strings; sourceTree = "<group>"; };
		5F52200B19E91BD000FA9968 /* YRVCTransitionDemoTests.m */ = {isa = PBXFileReference; lastKnownFileType = sourcecode.c.objc; path = YRVCTransitionDemoTests.m; sourceTree = "<group>"; };
		5F52201619E91C6B00FA9968 /* UINavigationController+YRVCTransition.h */ = {isa = PBXFileReference; fileEncoding = 4; lastKnownFileType = sourcecode.c.h; path = "UINavigationController+YRVCTransition.h"; sourceTree = "<group>"; };
		5F52201719E91C6B00FA9968 /* UINavigationController+YRVCTransition.m */ = {isa = PBXFileReference; fileEncoding = 4; lastKnownFileType = sourcecode.c.objc; path = "UINavigationController+YRVCTransition.m"; sourceTree = "<group>"; };
		5F52201819E91C6B00FA9968 /* UIViewController+YRVCTransition.h */ = {isa = PBXFileReference; fileEncoding = 4; lastKnownFileType = sourcecode.c.h; path = "UIViewController+YRVCTransition.h"; sourceTree = "<group>"; };
		5F52201919E91C6B00FA9968 /* UIViewController+YRVCTransition.m */ = {isa = PBXFileReference; fileEncoding = 4; lastKnownFileType = sourcecode.c.objc; path = "UIViewController+YRVCTransition.m"; sourceTree = "<group>"; };
		5F52201A19E91C6B00FA9968 /* YRPercentDrivenInteractiveTransition.h */ = {isa = PBXFileReference; fileEncoding = 4; lastKnownFileType = sourcecode.c.h; path = YRPercentDrivenInteractiveTransition.h; sourceTree = "<group>"; };
		5F52201B19E91C6B00FA9968 /* YRPercentDrivenInteractiveTransition.m */ = {isa = PBXFileReference; fileEncoding = 4; lastKnownFileType = sourcecode.c.objc; path = YRPercentDrivenInteractiveTransition.m; sourceTree = "<group>"; };
		5F52201D19E91C6B00FA9968 /* YRVCTransition.h */ = {isa = PBXFileReference; fileEncoding = 4; lastKnownFileType = sourcecode.c.h; path = YRVCTransition.h; sourceTree = "<group>"; };
		5F52201E19E91C6B00FA9968 /* YRVCTransition.m */ = {isa = PBXFileReference; fileEncoding = 4; lastKnownFileType = sourcecode.c.objc; path = YRVCTransition.m; sourceTree = "<group>"; };
		5F52201F19E91C6B00FA9968 /* YRVCTransitionCube.h */ = {isa = PBXFileReference; fileEncoding = 4; lastKnownFileType = sourcecode.c.h; path = YRVCTransitionCube.h; sourceTree = "<group>"; };
		5F52202019E91C6B00FA9968 /* YRVCTransitionCube.m */ = {isa = PBXFileReference; fileEncoding = 4; lastKnownFileType = sourcecode.c.objc; path = YRVCTransitionCube.m; sourceTree = "<group>"; };
		5F52202119E91C6B00FA9968 /* YRVCTransitionMoveIn.h */ = {isa = PBXFileReference; fileEncoding = 4; lastKnownFileType = sourcecode.c.h; path = YRVCTransitionMoveIn.h; sourceTree = "<group>"; };
		5F52202219E91C6B00FA9968 /* YRVCTransitionMoveIn.m */ = {isa = PBXFileReference; fileEncoding = 4; lastKnownFileType = sourcecode.c.objc; path = YRVCTransitionMoveIn.m; sourceTree = "<group>"; };
		5F52202919E91C9900FA9968 /* ViewController.h */ = {isa = PBXFileReference; fileEncoding = 4; lastKnownFileType = sourcecode.c.h; path = ViewController.h; sourceTree = "<group>"; };
		5F52202A19E91C9900FA9968 /* ViewController.m */ = {isa = PBXFileReference; fileEncoding = 4; lastKnownFileType = sourcecode.c.objc; path = ViewController.m; sourceTree = "<group>"; };
/* End PBXFileReference section */

/* Begin PBXFrameworksBuildPhase section */
		5F521FE019E91BD000FA9968 /* Frameworks */ = {
			isa = PBXFrameworksBuildPhase;
			buildActionMask = 2147483647;
			files = (
				5F521FE919E91BD000FA9968 /* CoreGraphics.framework in Frameworks */,
				5F521FEB19E91BD000FA9968 /* UIKit.framework in Frameworks */,
				5F521FE719E91BD000FA9968 /* Foundation.framework in Frameworks */,
			);
			runOnlyForDeploymentPostprocessing = 0;
		};
		5F521FFB19E91BD000FA9968 /* Frameworks */ = {
			isa = PBXFrameworksBuildPhase;
			buildActionMask = 2147483647;
			files = (
				5F52200019E91BD000FA9968 /* XCTest.framework in Frameworks */,
				5F52200219E91BD000FA9968 /* UIKit.framework in Frameworks */,
				5F52200119E91BD000FA9968 /* Foundation.framework in Frameworks */,
			);
			runOnlyForDeploymentPostprocessing = 0;
		};
/* End PBXFrameworksBuildPhase section */

/* Begin PBXGroup section */
		5F521FDA19E91BD000FA9968 = {
			isa = PBXGroup;
			children = (
				5F52201519E91C6B00FA9968 /* YRVCTransition */,
				5F521FEC19E91BD000FA9968 /* YRVCTransitionDemo */,
				5F52200519E91BD000FA9968 /* YRVCTransitionDemoTests */,
				5F521FE519E91BD000FA9968 /* Frameworks */,
				5F521FE419E91BD000FA9968 /* Products */,
			);
			sourceTree = "<group>";
		};
		5F521FE419E91BD000FA9968 /* Products */ = {
			isa = PBXGroup;
			children = (
				5F521FE319E91BD000FA9968 /* YRVCTransitionDemo.app */,
				5F521FFE19E91BD000FA9968 /* YRVCTransitionDemoTests.xctest */,
			);
			name = Products;
			sourceTree = "<group>";
		};
		5F521FE519E91BD000FA9968 /* Frameworks */ = {
			isa = PBXGroup;
			children = (
				5F521FE619E91BD000FA9968 /* Foundation.framework */,
				5F521FE819E91BD000FA9968 /* CoreGraphics.framework */,
				5F521FEA19E91BD000FA9968 /* UIKit.framework */,
				5F521FFF19E91BD000FA9968 /* XCTest.framework */,
			);
			name = Frameworks;
			sourceTree = "<group>";
		};
		5F521FEC19E91BD000FA9968 /* YRVCTransitionDemo */ = {
			isa = PBXGroup;
			children = (
				5F521FF519E91BD000FA9968 /* AppDelegate.h */,
				5F521FF619E91BD000FA9968 /* AppDelegate.m */,
				5F521FF819E91BD000FA9968 /* Images.xcassets */,
				5F521FED19E91BD000FA9968 /* Supporting Files */,
				5F52202919E91C9900FA9968 /* ViewController.h */,
				5F52202A19E91C9900FA9968 /* ViewController.m */,
				5F0942AD19ECD3E800966CCE /* DemoViewController.h */,
				5F0942AE19ECD3E800966CCE /* DemoViewController.m */,
				5F0942AF19ECD3E800966CCE /* DemoViewController.xib */,
				5F0942A819ECCEEE00966CCE /* SettingViewController.h */,
				5F0942A919ECCEEE00966CCE /* SettingViewController.m */,
				5F0942AA19ECCEEE00966CCE /* SettingViewController.xib */,
			);
			path = YRVCTransitionDemo;
			sourceTree = "<group>";
		};
		5F521FED19E91BD000FA9968 /* Supporting Files */ = {
			isa = PBXGroup;
			children = (
				5F521FEE19E91BD000FA9968 /* YRVCTransitionDemo-Info.plist */,
				5F521FEF19E91BD000FA9968 /* InfoPlist.strings */,
				5F521FF219E91BD000FA9968 /* main.m */,
				5F521FF419E91BD000FA9968 /* YRVCTransitionDemo-Prefix.pch */,
			);
			name = "Supporting Files";
			sourceTree = "<group>";
		};
		5F52200519E91BD000FA9968 /* YRVCTransitionDemoTests */ = {
			isa = PBXGroup;
			children = (
				5F52200B19E91BD000FA9968 /* YRVCTransitionDemoTests.m */,
				5F52200619E91BD000FA9968 /* Supporting Files */,
			);
			path = YRVCTransitionDemoTests;
			sourceTree = "<group>";
		};
		5F52200619E91BD000FA9968 /* Supporting Files */ = {
			isa = PBXGroup;
			children = (
				5F52200719E91BD000FA9968 /* YRVCTransitionDemoTests-Info.plist */,
				5F52200819E91BD000FA9968 /* InfoPlist.strings */,
			);
			name = "Supporting Files";
			sourceTree = "<group>";
		};
		5F52201519E91C6B00FA9968 /* YRVCTransition */ = {
			isa = PBXGroup;
			children = (
				5F52201619E91C6B00FA9968 /* UINavigationController+YRVCTransition.h */,
				5F52201719E91C6B00FA9968 /* UINavigationController+YRVCTransition.m */,
				5F52201819E91C6B00FA9968 /* UIViewController+YRVCTransition.h */,
				5F52201919E91C6B00FA9968 /* UIViewController+YRVCTransition.m */,
				5F52201A19E91C6B00FA9968 /* YRPercentDrivenInteractiveTransition.h */,
				5F52201B19E91C6B00FA9968 /* YRPercentDrivenInteractiveTransition.m */,
				5F52201C19E91C6B00FA9968 /* YRVCTransitioning */,
			);
			name = YRVCTransition;
			path = ../YRVCTransition;
			sourceTree = "<group>";
		};
		5F52201C19E91C6B00FA9968 /* YRVCTransitioning */ = {
			isa = PBXGroup;
			children = (
				5F52201D19E91C6B00FA9968 /* YRVCTransition.h */,
				5F52201E19E91C6B00FA9968 /* YRVCTransition.m */,
				5F52201F19E91C6B00FA9968 /* YRVCTransitionCube.h */,
				5F52202019E91C6B00FA9968 /* YRVCTransitionCube.m */,
				5F52202119E91C6B00FA9968 /* YRVCTransitionMoveIn.h */,
				5F52202219E91C6B00FA9968 /* YRVCTransitionMoveIn.m */,
			);
			path = YRVCTransitioning;
			sourceTree = "<group>";
		};
/* End PBXGroup section */

/* Begin PBXNativeTarget section */
		5F521FE219E91BD000FA9968 /* YRVCTransitionDemo */ = {
			isa = PBXNativeTarget;
			buildConfigurationList = 5F52200F19E91BD000FA9968 /* Build configuration list for PBXNativeTarget "YRVCTransitionDemo" */;
			buildPhases = (
				5F521FDF19E91BD000FA9968 /* Sources */,
				5F521FE019E91BD000FA9968 /* Frameworks */,
				5F521FE119E91BD000FA9968 /* Resources */,
			);
			buildRules = (
			);
			dependencies = (
			);
			name = YRVCTransitionDemo;
			productName = YRVCTransitionDemo;
			productReference = 5F521FE319E91BD000FA9968 /* YRVCTransitionDemo.app */;
			productType = "com.apple.product-type.application";
		};
		5F521FFD19E91BD000FA9968 /* YRVCTransitionDemoTests */ = {
			isa = PBXNativeTarget;
			buildConfigurationList = 5F52201219E91BD000FA9968 /* Build configuration list for PBXNativeTarget "YRVCTransitionDemoTests" */;
			buildPhases = (
				5F521FFA19E91BD000FA9968 /* Sources */,
				5F521FFB19E91BD000FA9968 /* Frameworks */,
				5F521FFC19E91BD000FA9968 /* Resources */,
			);
			buildRules = (
			);
			dependencies = (
				5F52200419E91BD000FA9968 /* PBXTargetDependency */,
			);
			name = YRVCTransitionDemoTests;
			productName = YRVCTransitionDemoTests;
			productReference = 5F521FFE19E91BD000FA9968 /* YRVCTransitionDemoTests.xctest */;
			productType = "com.apple.product-type.bundle.unit-test";
		};
/* End PBXNativeTarget section */

/* Begin PBXProject section */
		5F521FDB19E91BD000FA9968 /* Project object */ = {
			isa = PBXProject;
			attributes = {
				LastUpgradeCheck = 0510;
				ORGANIZATIONNAME = YueRuo;
				TargetAttributes = {
					5F521FFD19E91BD000FA9968 = {
						TestTargetID = 5F521FE219E91BD000FA9968;
					};
				};
			};
			buildConfigurationList = 5F521FDE19E91BD000FA9968 /* Build configuration list for PBXProject "YRVCTransitionDemo" */;
			compatibilityVersion = "Xcode 3.2";
			developmentRegion = English;
			hasScannedForEncodings = 0;
			knownRegions = (
				en,
			);
			mainGroup = 5F521FDA19E91BD000FA9968;
			productRefGroup = 5F521FE419E91BD000FA9968 /* Products */;
			projectDirPath = "";
			projectRoot = "";
			targets = (
				5F521FE219E91BD000FA9968 /* YRVCTransitionDemo */,
				5F521FFD19E91BD000FA9968 /* YRVCTransitionDemoTests */,
			);
		};
/* End PBXProject section */

/* Begin PBXResourcesBuildPhase section */
		5F521FE119E91BD000FA9968 /* Resources */ = {
			isa = PBXResourcesBuildPhase;
			buildActionMask = 2147483647;
			files = (
				5F521FF119E91BD000FA9968 /* InfoPlist.strings in Resources */,
				5F0942AC19ECCEEE00966CCE /* SettingViewController.xib in Resources */,
				5F521FF919E91BD000FA9968 /* Images.xcassets in Resources */,
				5F0942B119ECD3E800966CCE /* DemoViewController.xib in Resources */,
			);
			runOnlyForDeploymentPostprocessing = 0;
		};
		5F521FFC19E91BD000FA9968 /* Resources */ = {
			isa = PBXResourcesBuildPhase;
			buildActionMask = 2147483647;
			files = (
				5F52200A19E91BD000FA9968 /* InfoPlist.strings in Resources */,
			);
			runOnlyForDeploymentPostprocessing = 0;
		};
/* End PBXResourcesBuildPhase section */

/* Begin PBXSourcesBuildPhase section */
		5F521FDF19E91BD000FA9968 /* Sources */ = {
			isa = PBXSourcesBuildPhase;
			buildActionMask = 2147483647;
			files = (
				5F0942B019ECD3E800966CCE /* DemoViewController.m in Sources */,
				5F52202B19E91C9900FA9968 /* ViewController.m in Sources */,
				5F521FF719E91BD000FA9968 /* AppDelegate.m in Sources */,
				5F52202519E91C6B00FA9968 /* YRPercentDrivenInteractiveTransition.m in Sources */,
				5F52202419E91C6B00FA9968 /* UIViewController+YRVCTransition.m in Sources */,
				5F52202719E91C6B00FA9968 /* YRVCTransitionCube.m in Sources */,
				5F52202319E91C6B00FA9968 /* UINavigationController+YRVCTransition.m in Sources */,
				5F521FF319E91BD000FA9968 /* main.m in Sources */,
				5F52202819E91C6B00FA9968 /* YRVCTransitionMoveIn.m in Sources */,
				5F52202619E91C6B00FA9968 /* YRVCTransition.m in Sources */,
				5F0942AB19ECCEEE00966CCE /* SettingViewController.m in Sources */,
			);
			runOnlyForDeploymentPostprocessing = 0;
		};
		5F521FFA19E91BD000FA9968 /* Sources */ = {
			isa = PBXSourcesBuildPhase;
			buildActionMask = 2147483647;
			files = (
				5F52200C19E91BD000FA9968 /* YRVCTransitionDemoTests.m in Sources */,
			);
			runOnlyForDeploymentPostprocessing = 0;
		};
/* End PBXSourcesBuildPhase section */

/* Begin PBXTargetDependency section */
		5F52200419E91BD000FA9968 /* PBXTargetDependency */ = {
			isa = PBXTargetDependency;
			target = 5F521FE219E91BD000FA9968 /* YRVCTransitionDemo */;
			targetProxy = 5F52200319E91BD000FA9968 /* PBXContainerItemProxy */;
		};
/* End PBXTargetDependency section */

/* Begin PBXVariantGroup section */
		5F521FEF19E91BD000FA9968 /* InfoPlist.strings */ = {
			isa = PBXVariantGroup;
			children = (
				5F521FF019E91BD000FA9968 /* en */,
			);
			name = InfoPlist.strings;
			sourceTree = "<group>";
		};
		5F52200819E91BD000FA9968 /* InfoPlist.strings */ = {
			isa = PBXVariantGroup;
			children = (
				5F52200919E91BD000FA9968 /* en */,
			);
			name = InfoPlist.strings;
			sourceTree = "<group>";
		};
/* End PBXVariantGroup section */

/* Begin XCBuildConfiguration section */
		5F52200D19E91BD000FA9968 /* Debug */ = {
			isa = XCBuildConfiguration;
			buildSettings = {
				ALWAYS_SEARCH_USER_PATHS = NO;
				CLANG_CXX_LANGUAGE_STANDARD = "gnu++0x";
				CLANG_CXX_LIBRARY = "libc++";
				CLANG_ENABLE_MODULES = YES;
				CLANG_ENABLE_OBJC_ARC = YES;
				CLANG_WARN_BOOL_CONVERSION = YES;
				CLANG_WARN_CONSTANT_CONVERSION = YES;
				CLANG_WARN_DIRECT_OBJC_ISA_USAGE = YES_ERROR;
				CLANG_WARN_EMPTY_BODY = YES;
				CLANG_WARN_ENUM_CONVERSION = YES;
				CLANG_WARN_INT_CONVERSION = YES;
				CLANG_WARN_OBJC_ROOT_CLASS = YES_ERROR;
				CLANG_WARN__DUPLICATE_METHOD_MATCH = YES;
				"CODE_SIGN_IDENTITY[sdk=iphoneos*]" = "iPhone Developer";
				COPY_PHASE_STRIP = NO;
				GCC_C_LANGUAGE_STANDARD = gnu99;
				GCC_DYNAMIC_NO_PIC = NO;
				GCC_OPTIMIZATION_LEVEL = 0;
				GCC_PREPROCESSOR_DEFINITIONS = (
					"DEBUG=1",
					"$(inherited)",
				);
				GCC_SYMBOLS_PRIVATE_EXTERN = NO;
				GCC_WARN_64_TO_32_BIT_CONVERSION = YES;
				GCC_WARN_ABOUT_RETURN_TYPE = YES_ERROR;
				GCC_WARN_UNDECLARED_SELECTOR = YES;
				GCC_WARN_UNINITIALIZED_AUTOS = YES_AGGRESSIVE;
				GCC_WARN_UNUSED_FUNCTION = YES;
				GCC_WARN_UNUSED_VARIABLE = YES;
				IPHONEOS_DEPLOYMENT_TARGET = 7.1;
				ONLY_ACTIVE_ARCH = YES;
				SDKROOT = iphoneos;
			};
			name = Debug;
		};
		5F52200E19E91BD000FA9968 /* Release */ = {
			isa = XCBuildConfiguration;
			buildSettings = {
				ALWAYS_SEARCH_USER_PATHS = NO;
				CLANG_CXX_LANGUAGE_STANDARD = "gnu++0x";
				CLANG_CXX_LIBRARY = "libc++";
				CLANG_ENABLE_MODULES = YES;
				CLANG_ENABLE_OBJC_ARC = YES;
				CLANG_WARN_BOOL_CONVERSION = YES;
				CLANG_WARN_CONSTANT_CONVERSION = YES;
				CLANG_WARN_DIRECT_OBJC_ISA_USAGE = YES_ERROR;
				CLANG_WARN_EMPTY_BODY = YES;
				CLANG_WARN_ENUM_CONVERSION = YES;
				CLANG_WARN_INT_CONVERSION = YES;
				CLANG_WARN_OBJC_ROOT_CLASS = YES_ERROR;
				CLANG_WARN__DUPLICATE_METHOD_MATCH = YES;
				"CODE_SIGN_IDENTITY[sdk=iphoneos*]" = "iPhone Developer";
				COPY_PHASE_STRIP = YES;
				ENABLE_NS_ASSERTIONS = NO;
				GCC_C_LANGUAGE_STANDARD = gnu99;
				GCC_WARN_64_TO_32_BIT_CONVERSION = YES;
				GCC_WARN_ABOUT_RETURN_TYPE = YES_ERROR;
				GCC_WARN_UNDECLARED_SELECTOR = YES;
				GCC_WARN_UNINITIALIZED_AUTOS = YES_AGGRESSIVE;
				GCC_WARN_UNUSED_FUNCTION = YES;
				GCC_WARN_UNUSED_VARIABLE = YES;
				IPHONEOS_DEPLOYMENT_TARGET = 7.1;
				SDKROOT = iphoneos;
				VALIDATE_PRODUCT = YES;
			};
			name = Release;
		};
		5F52201019E91BD000FA9968 /* Debug */ = {
			isa = XCBuildConfiguration;
			buildSettings = {
				ASSETCATALOG_COMPILER_APPICON_NAME = AppIcon;
				ASSETCATALOG_COMPILER_LAUNCHIMAGE_NAME = LaunchImage;
				GCC_PRECOMPILE_PREFIX_HEADER = YES;
				GCC_PREFIX_HEADER = "YRVCTransitionDemo/YRVCTransitionDemo-Prefix.pch";
				INFOPLIST_FILE = "YRVCTransitionDemo/YRVCTransitionDemo-Info.plist";
				PRODUCT_NAME = "$(TARGET_NAME)";
				WRAPPER_EXTENSION = app;
			};
			name = Debug;
		};
		5F52201119E91BD000FA9968 /* Release */ = {
			isa = XCBuildConfiguration;
			buildSettings = {
				ASSETCATALOG_COMPILER_APPICON_NAME = AppIcon;
				ASSETCATALOG_COMPILER_LAUNCHIMAGE_NAME = LaunchImage;
				GCC_PRECOMPILE_PREFIX_HEADER = YES;
				GCC_PREFIX_HEADER = "YRVCTransitionDemo/YRVCTransitionDemo-Prefix.pch";
				INFOPLIST_FILE = "YRVCTransitionDemo/YRVCTransitionDemo-Info.plist";
				PRODUCT_NAME = "$(TARGET_NAME)";
				WRAPPER_EXTENSION = app;
			};
			name = Release;
		};
		5F52201319E91BD000FA9968 /* Debug */ = {
			isa = XCBuildConfiguration;
			buildSettings = {
				BUNDLE_LOADER = "$(BUILT_PRODUCTS_DIR)/YRVCTransitionDemo.app/YRVCTransitionDemo";
				FRAMEWORK_SEARCH_PATHS = (
					"$(SDKROOT)/Developer/Library/Frameworks",
					"$(inherited)",
					"$(DEVELOPER_FRAMEWORKS_DIR)",
				);
				GCC_PRECOMPILE_PREFIX_HEADER = YES;
				GCC_PREFIX_HEADER = "YRVCTransitionDemo/YRVCTransitionDemo-Prefix.pch";
				GCC_PREPROCESSOR_DEFINITIONS = (
					"DEBUG=1",
					"$(inherited)",
				);
				INFOPLIST_FILE = "YRVCTransitionDemoTests/YRVCTransitionDemoTests-Info.plist";
				PRODUCT_NAME = "$(TARGET_NAME)";
				TEST_HOST = "$(BUNDLE_LOADER)";
				WRAPPER_EXTENSION = xctest;
			};
			name = Debug;
		};
		5F52201419E91BD000FA9968 /* Release */ = {
			isa = XCBuildConfiguration;
			buildSettings = {
				BUNDLE_LOADER = "$(BUILT_PRODUCTS_DIR)/YRVCTransitionDemo.app/YRVCTransitionDemo";
				FRAMEWORK_SEARCH_PATHS = (
					"$(SDKROOT)/Developer/Library/Frameworks",
					"$(inherited)",
					"$(DEVELOPER_FRAMEWORKS_DIR)",
				);
				GCC_PRECOMPILE_PREFIX_HEADER = YES;
				GCC_PREFIX_HEADER = "YRVCTransitionDemo/YRVCTransitionDemo-Prefix.pch";
				INFOPLIST_FILE = "YRVCTransitionDemoTests/YRVCTransitionDemoTests-Info.plist";
				PRODUCT_NAME = "$(TARGET_NAME)";
				TEST_HOST = "$(BUNDLE_LOADER)";
				WRAPPER_EXTENSION = xctest;
			};
			name = Release;
		};
/* End XCBuildConfiguration section */

/* Begin XCConfigurationList section */
		5F521FDE19E91BD000FA9968 /* Build configuration list for PBXProject "YRVCTransitionDemo" */ = {
			isa = XCConfigurationList;
			buildConfigurations = (
				5F52200D19E91BD000FA9968 /* Debug */,
				5F52200E19E91BD000FA9968 /* Release */,
			);
			defaultConfigurationIsVisible = 0;
			defaultConfigurationName = Release;
		};
		5F52200F19E91BD000FA9968 /* Build configuration list for PBXNativeTarget "YRVCTransitionDemo" */ = {
			isa = XCConfigurationList;
			buildConfigurations = (
				5F52201019E91BD000FA9968 /* Debug */,
				5F52201119E91BD000FA9968 /* Release */,
			);
			defaultConfigurationIsVisible = 0;
			defaultConfigurationName = Release;
		};
		5F52201219E91BD000FA9968 /* Build configuration list for PBXNativeTarget "YRVCTransitionDemoTests" */ = {
			isa = XCConfigurationList;
			buildConfigurations = (
				5F52201319E91BD000FA9968 /* Debug */,
				5F52201419E91BD000FA9968 /* Release */,
			);
			defaultConfigurationIsVisible = 0;
			defaultConfigurationName = Release;
		};
/* End XCConfigurationList section */
	};
	rootObject = 5F521FDB19E91BD000FA9968 /* Project object */;
}
